<?xml version="1.0" encoding="utf-8"?>
<Project ToolsVersion="4.0" xmlns="http://schemas.microsoft.com/developer/msbuild/2003">
  <ItemGroup>
    <Filter Include="Shaders">
      <UniqueIdentifier>{7ae4c069-4153-4668-911c-f7137ec04d7c}</UniqueIdentifier>
    </Filter>
    <Filter Include="Source Files">
      <UniqueIdentifier>{4FC737F1-C7A5-4376-A066-2A32D752A2FF}</UniqueIdentifier>
      <Extensions>cpp;c;cc;cxx;c++;cppm;ixx;def;odl;idl;hpj;bat;asm;asmx</Extensions>
    </Filter>
    <Filter Include="Resource Files">
      <UniqueIdentifier>{67DA6AB6-F800-4c08-8B7A-83BB121AAD01}</UniqueIdentifier>
      <Extensions>rc;ico;cur;bmp;dlg;rc2;rct;bin;rgs;gif;jpg;jpeg;jpe;resx;tiff;tif;png;wav;mfcribbon-ms</Extensions>
    </Filter>
    <Filter Include="Header Files">
      <UniqueIdentifier>{93995380-89BD-4b04-88EB-625FBE52EBFB}</UniqueIdentifier>
      <Extensions>h;hh;hpp;hxx;h++;hm;inl;inc;ipp;xsd</Extensions>
    </Filter>
    <Filter Include="Audio">
      <UniqueIdentifier>{1301d09b-1256-4b4d-8d5c-4071b4d169eb}</UniqueIdentifier>
    </Filter>
    <Filter Include="Resource Files\mit">
      <UniqueIdentifier>{eccc9cca-1a21-4b0a-8f9c-ef07157a0db5}</UniqueIdentifier>
    </Filter>
    <Filter Include="Resource Files\mit\elev0">
      <UniqueIdentifier>{e7c6c558-3f89-4669-815a-12a7723d35e3}</UniqueIdentifier>
    </Filter>
    <Filter Include="Resource Files\mit\elev10">
      <UniqueIdentifier>{3b156fa0-571a-4be9-a2f9-82bed47e9d5a}</UniqueIdentifier>
    </Filter>
    <Filter Include="Resource Files\mit\elev-10">
      <UniqueIdentifier>{4c57bf79-04d0-42ad-b1c5-bb26cfcfaff0}</UniqueIdentifier>
    </Filter>
    <Filter Include="Resource Files\mit\elev20">
      <UniqueIdentifier>{856e3a94-56d0-4d74-82fe-bccd62f47039}</UniqueIdentifier>
    </Filter>
    <Filter Include="Resource Files\mit\elev-20">
      <UniqueIdentifier>{9d055dc0-d9a5-4c32-ad7b-fa431399b1c4}</UniqueIdentifier>
    </Filter>
    <Filter Include="Resource Files\mit\elev30">
      <UniqueIdentifier>{336ed85e-ad18-478c-a81e-b7ac1ddf5962}</UniqueIdentifier>
    </Filter>
    <Filter Include="Resource Files\mit\elev-30">
      <UniqueIdentifier>{85b9168a-5cb4-47ba-9394-a5fa56da7f73}</UniqueIdentifier>
    </Filter>
    <Filter Include="Resource Files\mit\elev40">
      <UniqueIdentifier>{d1e11111-5cd1-47e0-af28-72092cd8f475}</UniqueIdentifier>
    </Filter>
    <Filter Include="Resource Files\mit\elev-40">
      <UniqueIdentifier>{076463c5-2652-4b79-b8f2-5fde0e165068}</UniqueIdentifier>
    </Filter>
    <Filter Include="Resource Files\mit\elev50">
      <UniqueIdentifier>{19f2fcfe-ff63-4857-9929-653924d4339d}</UniqueIdentifier>
    </Filter>
    <Filter Include="Resource Files\mit\elev60">
      <UniqueIdentifier>{6784daad-7f7e-4434-b919-9659a1ea75bf}</UniqueIdentifier>
    </Filter>
    <Filter Include="Resource Files\mit\elev70">
      <UniqueIdentifier>{8d0137b4-affb-4947-9f28-c178f934cc85}</UniqueIdentifier>
    </Filter>
    <Filter Include="Resource Files\mit\elev80">
      <UniqueIdentifier>{deb3bd7f-0093-491d-ab01-3ba5a761652f}</UniqueIdentifier>
    </Filter>
    <Filter Include="Resource Files\mit\elev90">
      <UniqueIdentifier>{46182d38-7f78-40f6-8563-6f3eb64b49c9}</UniqueIdentifier>
    </Filter>
  </ItemGroup>
  <ItemGroup>
    <ClCompile Include="Shader.cpp">
      <Filter>Source Files</Filter>
    </ClCompile>
    <ClCompile Include="glad.c">
      <Filter>Source Files</Filter>
    </ClCompile>
    <ClCompile Include="Input.cpp">
      <Filter>Source Files</Filter>
    </ClCompile>
    <ClCompile Include="Main.cpp">
      <Filter>Source Files</Filter>
    </ClCompile>
    <ClCompile Include="Screen.cpp">
      <Filter>Source Files</Filter>
    </ClCompile>
    <ClCompile Include="Quad.cpp">
      <Filter>Source Files</Filter>
    </ClCompile>
    <ClCompile Include="Buffer.cpp">
      <Filter>Source Files</Filter>
    </ClCompile>
    <ClCompile Include="Camera.cpp">
      <Filter>Source Files</Filter>
    </ClCompile>
    <ClCompile Include="Texture.cpp">
      <Filter>Source Files</Filter>
    </ClCompile>
    <ClCompile Include="Light.cpp">
      <Filter>Source Files</Filter>
    </ClCompile>
    <ClCompile Include="Sound.cpp">
      <Filter>Source Files</Filter>
    </ClCompile>
  </ItemGroup>
  <ItemGroup>
    <ClInclude Include="Input.h">
      <Filter>Header Files</Filter>
    </ClInclude>
    <ClInclude Include="Shader.h">
      <Filter>Header Files</Filter>
    </ClInclude>
    <ClInclude Include="Quad.h">
      <Filter>Header Files</Filter>
    </ClInclude>
    <ClInclude Include="Buffer.h">
      <Filter>Header Files</Filter>
    </ClInclude>
    <ClInclude Include="Camera.h">
      <Filter>Header Files</Filter>
    </ClInclude>
    <ClInclude Include="Texture.h">
      <Filter>Header Files</Filter>
    </ClInclude>
    <ClInclude Include="Light.h">
      <Filter>Header Files</Filter>
    </ClInclude>
    <ClInclude Include="Screen.h">
      <Filter>Header Files</Filter>
    </ClInclude>
    <ClInclude Include="Sound.h">
      <Filter>Header Files</Filter>
    </ClInclude>
  </ItemGroup>
  <ItemGroup>
    <None Include="Shaders\main.frag">
      <Filter>Shaders</Filter>
    </None>
    <None Include="Shaders\main.vert">
      <Filter>Shaders</Filter>
    </None>
    <None Include="HRTF\mit_kemar_normal_pinna.sofa" />
    <None Include="HRTF\RIEC_hrir_subject_001.sofa" />
  </ItemGroup>
  <ItemGroup>
    <Media Include="Audio\Heavy.wav">
      <Filter>Audio</Filter>
    </Media>
    <Media Include="mit\elev0\H0e000a.wav">
      <Filter>Resource Files\mit\elev0</Filter>
    </Media>
    <Media Include="mit\elev0\H0e005a.wav">
      <Filter>Resource Files\mit\elev0</Filter>
    </Media>
    <Media Include="mit\elev0\H0e010a.wav">
      <Filter>Resource Files\mit\elev0</Filter>
    </Media>
    <Media Include="mit\elev0\H0e015a.wav">
      <Filter>Resource Files\mit\elev0</Filter>
    </Media>
    <Media Include="mit\elev0\H0e020a.wav">
      <Filter>Resource Files\mit\elev0</Filter>
    </Media>
    <Media Include="mit\elev0\H0e025a.wav">
      <Filter>Resource Files\mit\elev0</Filter>
    </Media>
    <Media Include="mit\elev0\H0e030a.wav">
      <Filter>Resource Files\mit\elev0</Filter>
    </Media>
    <Media Include="mit\elev0\H0e035a.wav">
      <Filter>Resource Files\mit\elev0</Filter>
    </Media>
    <Media Include="mit\elev0\H0e040a.wav">
      <Filter>Resource Files\mit\elev0</Filter>
    </Media>
    <Media Include="mit\elev0\H0e045a.wav">
      <Filter>Resource Files\mit\elev0</Filter>
    </Media>
    <Media Include="mit\elev0\H0e050a.wav">
      <Filter>Resource Files\mit\elev0</Filter>
    </Media>
    <Media Include="mit\elev0\H0e055a.wav">
      <Filter>Resource Files\mit\elev0</Filter>
    </Media>
    <Media Include="mit\elev0\H0e060a.wav">
      <Filter>Resource Files\mit\elev0</Filter>
    </Media>
    <Media Include="mit\elev0\H0e065a.wav">
      <Filter>Resource Files\mit\elev0</Filter>
    </Media>
    <Media Include="mit\elev0\H0e070a.wav">
      <Filter>Resource Files\mit\elev0</Filter>
    </Media>
    <Media Include="mit\elev0\H0e075a.wav">
      <Filter>Resource Files\mit\elev0</Filter>
    </Media>
    <Media Include="mit\elev0\H0e080a.wav">
      <Filter>Resource Files\mit\elev0</Filter>
    </Media>
    <Media Include="mit\elev0\H0e085a.wav">
      <Filter>Resource Files\mit\elev0</Filter>
    </Media>
    <Media Include="mit\elev0\H0e090a.wav">
      <Filter>Resource Files\mit\elev0</Filter>
    </Media>
    <Media Include="mit\elev0\H0e095a.wav">
      <Filter>Resource Files\mit\elev0</Filter>
    </Media>
    <Media Include="mit\elev0\H0e100a.wav">
      <Filter>Resource Files\mit\elev0</Filter>
    </Media>
    <Media Include="mit\elev0\H0e105a.wav">
      <Filter>Resource Files\mit\elev0</Filter>
    </Media>
    <Media Include="mit\elev0\H0e110a.wav">
      <Filter>Resource Files\mit\elev0</Filter>
    </Media>
    <Media Include="mit\elev0\H0e115a.wav">
      <Filter>Resource Files\mit\elev0</Filter>
    </Media>
    <Media Include="mit\elev0\H0e120a.wav">
      <Filter>Resource Files\mit\elev0</Filter>
    </Media>
    <Media Include="mit\elev0\H0e125a.wav">
      <Filter>Resource Files\mit\elev0</Filter>
    </Media>
    <Media Include="mit\elev0\H0e130a.wav">
      <Filter>Resource Files\mit\elev0</Filter>
    </Media>
    <Media Include="mit\elev0\H0e135a.wav">
      <Filter>Resource Files\mit\elev0</Filter>
    </Media>
    <Media Include="mit\elev0\H0e140a.wav">
      <Filter>Resource Files\mit\elev0</Filter>
    </Media>
    <Media Include="mit\elev0\H0e145a.wav">
      <Filter>Resource Files\mit\elev0</Filter>
    </Media>
    <Media Include="mit\elev0\H0e150a.wav">
      <Filter>Resource Files\mit\elev0</Filter>
    </Media>
    <Media Include="mit\elev0\H0e155a.wav">
      <Filter>Resource Files\mit\elev0</Filter>
    </Media>
    <Media Include="mit\elev0\H0e160a.wav">
      <Filter>Resource Files\mit\elev0</Filter>
    </Media>
    <Media Include="mit\elev0\H0e165a.wav">
      <Filter>Resource Files\mit\elev0</Filter>
    </Media>
    <Media Include="mit\elev0\H0e170a.wav">
      <Filter>Resource Files\mit\elev0</Filter>
    </Media>
    <Media Include="mit\elev0\H0e175a.wav">
      <Filter>Resource Files\mit\elev0</Filter>
    </Media>
    <Media Include="mit\elev0\H0e180a.wav">
      <Filter>Resource Files\mit\elev0</Filter>
    </Media>
    <Media Include="mit\elev10\H10e000a.wav">
      <Filter>Resource Files\mit\elev10</Filter>
    </Media>
    <Media Include="mit\elev10\H10e005a.wav">
      <Filter>Resource Files\mit\elev10</Filter>
    </Media>
    <Media Include="mit\elev10\H10e010a.wav">
      <Filter>Resource Files\mit\elev10</Filter>
    </Media>
    <Media Include="mit\elev10\H10e015a.wav">
      <Filter>Resource Files\mit\elev10</Filter>
    </Media>
    <Media Include="mit\elev10\H10e020a.wav">
      <Filter>Resource Files\mit\elev10</Filter>
    </Media>
    <Media Include="mit\elev10\H10e025a.wav">
      <Filter>Resource Files\mit\elev10</Filter>
    </Media>
    <Media Include="mit\elev10\H10e030a.wav">
      <Filter>Resource Files\mit\elev10</Filter>
    </Media>
    <Media Include="mit\elev10\H10e035a.wav">
      <Filter>Resource Files\mit\elev10</Filter>
    </Media>
    <Media Include="mit\elev10\H10e040a.wav">
      <Filter>Resource Files\mit\elev10</Filter>
    </Media>
    <Media Include="mit\elev10\H10e045a.wav">
      <Filter>Resource Files\mit\elev10</Filter>
    </Media>
    <Media Include="mit\elev10\H10e050a.wav">
      <Filter>Resource Files\mit\elev10</Filter>
    </Media>
    <Media Include="mit\elev10\H10e055a.wav">
      <Filter>Resource Files\mit\elev10</Filter>
    </Media>
    <Media Include="mit\elev10\H10e060a.wav">
      <Filter>Resource Files\mit\elev10</Filter>
    </Media>
    <Media Include="mit\elev10\H10e065a.wav">
      <Filter>Resource Files\mit\elev10</Filter>
    </Media>
    <Media Include="mit\elev10\H10e070a.wav">
      <Filter>Resource Files\mit\elev10</Filter>
    </Media>
    <Media Include="mit\elev10\H10e075a.wav">
      <Filter>Resource Files\mit\elev10</Filter>
    </Media>
    <Media Include="mit\elev10\H10e080a.wav">
      <Filter>Resource Files\mit\elev10</Filter>
    </Media>
    <Media Include="mit\elev10\H10e085a.wav">
      <Filter>Resource Files\mit\elev10</Filter>
    </Media>
    <Media Include="mit\elev10\H10e090a.wav">
      <Filter>Resource Files\mit\elev10</Filter>
    </Media>
    <Media Include="mit\elev10\H10e095a.wav">
      <Filter>Resource Files\mit\elev10</Filter>
    </Media>
    <Media Include="mit\elev10\H10e100a.wav">
      <Filter>Resource Files\mit\elev10</Filter>
    </Media>
    <Media Include="mit\elev10\H10e105a.wav">
      <Filter>Resource Files\mit\elev10</Filter>
    </Media>
    <Media Include="mit\elev10\H10e110a.wav">
      <Filter>Resource Files\mit\elev10</Filter>
    </Media>
    <Media Include="mit\elev10\H10e115a.wav">
      <Filter>Resource Files\mit\elev10</Filter>
    </Media>
    <Media Include="mit\elev10\H10e120a.wav">
      <Filter>Resource Files\mit\elev10</Filter>
    </Media>
    <Media Include="mit\elev10\H10e125a.wav">
      <Filter>Resource Files\mit\elev10</Filter>
    </Media>
    <Media Include="mit\elev10\H10e130a.wav">
      <Filter>Resource Files\mit\elev10</Filter>
    </Media>
    <Media Include="mit\elev10\H10e135a.wav">
      <Filter>Resource Files\mit\elev10</Filter>
    </Media>
    <Media Include="mit\elev10\H10e140a.wav">
      <Filter>Resource Files\mit\elev10</Filter>
    </Media>
    <Media Include="mit\elev10\H10e145a.wav">
      <Filter>Resource Files\mit\elev10</Filter>
    </Media>
    <Media Include="mit\elev10\H10e150a.wav">
      <Filter>Resource Files\mit\elev10</Filter>
    </Media>
    <Media Include="mit\elev10\H10e155a.wav">
      <Filter>Resource Files\mit\elev10</Filter>
    </Media>
    <Media Include="mit\elev10\H10e160a.wav">
      <Filter>Resource Files\mit\elev10</Filter>
    </Media>
    <Media Include="mit\elev10\H10e165a.wav">
      <Filter>Resource Files\mit\elev10</Filter>
    </Media>
    <Media Include="mit\elev10\H10e170a.wav">
      <Filter>Resource Files\mit\elev10</Filter>
    </Media>
    <Media Include="mit\elev10\H10e175a.wav">
      <Filter>Resource Files\mit\elev10</Filter>
    </Media>
    <Media Include="mit\elev10\H10e180a.wav">
      <Filter>Resource Files\mit\elev10</Filter>
    </Media>
    <Media Include="mit\elev-10\H-10e000a.wav">
      <Filter>Resource Files\mit\elev-10</Filter>
    </Media>
    <Media Include="mit\elev-10\H-10e005a.wav">
      <Filter>Resource Files\mit\elev-10</Filter>
    </Media>
    <Media Include="mit\elev-10\H-10e010a.wav">
      <Filter>Resource Files\mit\elev-10</Filter>
    </Media>
    <Media Include="mit\elev-10\H-10e015a.wav">
      <Filter>Resource Files\mit\elev-10</Filter>
    </Media>
    <Media Include="mit\elev-10\H-10e020a.wav">
      <Filter>Resource Files\mit\elev-10</Filter>
    </Media>
    <Media Include="mit\elev-10\H-10e025a.wav">
      <Filter>Resource Files\mit\elev-10</Filter>
    </Media>
    <Media Include="mit\elev-10\H-10e030a.wav">
      <Filter>Resource Files\mit\elev-10</Filter>
    </Media>
    <Media Include="mit\elev-10\H-10e035a.wav">
      <Filter>Resource Files\mit\elev-10</Filter>
    </Media>
    <Media Include="mit\elev-10\H-10e040a.wav">
      <Filter>Resource Files\mit\elev-10</Filter>
    </Media>
    <Media Include="mit\elev-10\H-10e045a.wav">
      <Filter>Resource Files\mit\elev-10</Filter>
    </Media>
    <Media Include="mit\elev-10\H-10e050a.wav">
      <Filter>Resource Files\mit\elev-10</Filter>
    </Media>
    <Media Include="mit\elev-10\H-10e055a.wav">
      <Filter>Resource Files\mit\elev-10</Filter>
    </Media>
    <Media Include="mit\elev-10\H-10e060a.wav">
      <Filter>Resource Files\mit\elev-10</Filter>
    </Media>
    <Media Include="mit\elev-10\H-10e065a.wav">
      <Filter>Resource Files\mit\elev-10</Filter>
    </Media>
    <Media Include="mit\elev-10\H-10e070a.wav">
      <Filter>Resource Files\mit\elev-10</Filter>
    </Media>
    <Media Include="mit\elev-10\H-10e075a.wav">
      <Filter>Resource Files\mit\elev-10</Filter>
    </Media>
    <Media Include="mit\elev-10\H-10e080a.wav">
      <Filter>Resource Files\mit\elev-10</Filter>
    </Media>
    <Media Include="mit\elev-10\H-10e085a.wav">
      <Filter>Resource Files\mit\elev-10</Filter>
    </Media>
    <Media Include="mit\elev-10\H-10e090a.wav">
      <Filter>Resource Files\mit\elev-10</Filter>
    </Media>
    <Media Include="mit\elev-10\H-10e095a.wav">
      <Filter>Resource Files\mit\elev-10</Filter>
    </Media>
    <Media Include="mit\elev-10\H-10e100a.wav">
      <Filter>Resource Files\mit\elev-10</Filter>
    </Media>
    <Media Include="mit\elev-10\H-10e105a.wav">
      <Filter>Resource Files\mit\elev-10</Filter>
    </Media>
    <Media Include="mit\elev-10\H-10e110a.wav">
      <Filter>Resource Files\mit\elev-10</Filter>
    </Media>
    <Media Include="mit\elev-10\H-10e115a.wav">
      <Filter>Resource Files\mit\elev-10</Filter>
    </Media>
    <Media Include="mit\elev-10\H-10e120a.wav">
      <Filter>Resource Files\mit\elev-10</Filter>
    </Media>
    <Media Include="mit\elev-10\H-10e125a.wav">
      <Filter>Resource Files\mit\elev-10</Filter>
    </Media>
    <Media Include="mit\elev-10\H-10e130a.wav">
      <Filter>Resource Files\mit\elev-10</Filter>
    </Media>
    <Media Include="mit\elev-10\H-10e135a.wav">
      <Filter>Resource Files\mit\elev-10</Filter>
    </Media>
    <Media Include="mit\elev-10\H-10e140a.wav">
      <Filter>Resource Files\mit\elev-10</Filter>
    </Media>
    <Media Include="mit\elev-10\H-10e145a.wav">
      <Filter>Resource Files\mit\elev-10</Filter>
    </Media>
    <Media Include="mit\elev-10\H-10e150a.wav">
      <Filter>Resource Files\mit\elev-10</Filter>
    </Media>
    <Media Include="mit\elev-10\H-10e155a.wav">
      <Filter>Resource Files\mit\elev-10</Filter>
    </Media>
    <Media Include="mit\elev-10\H-10e160a.wav">
      <Filter>Resource Files\mit\elev-10</Filter>
    </Media>
    <Media Include="mit\elev-10\H-10e165a.wav">
      <Filter>Resource Files\mit\elev-10</Filter>
    </Media>
    <Media Include="mit\elev-10\H-10e170a.wav">
      <Filter>Resource Files\mit\elev-10</Filter>
    </Media>
    <Media Include="mit\elev-10\H-10e175a.wav">
      <Filter>Resource Files\mit\elev-10</Filter>
    </Media>
    <Media Include="mit\elev-10\H-10e180a.wav">
      <Filter>Resource Files\mit\elev-10</Filter>
    </Media>
    <Media Include="mit\elev20\H20e000a.wav">
      <Filter>Resource Files\mit\elev20</Filter>
    </Media>
    <Media Include="mit\elev20\H20e005a.wav">
      <Filter>Resource Files\mit\elev20</Filter>
    </Media>
    <Media Include="mit\elev20\H20e010a.wav">
      <Filter>Resource Files\mit\elev20</Filter>
    </Media>
    <Media Include="mit\elev20\H20e015a.wav">
      <Filter>Resource Files\mit\elev20</Filter>
    </Media>
    <Media Include="mit\elev20\H20e020a.wav">
      <Filter>Resource Files\mit\elev20</Filter>
    </Media>
    <Media Include="mit\elev20\H20e025a.wav">
      <Filter>Resource Files\mit\elev20</Filter>
    </Media>
    <Media Include="mit\elev20\H20e030a.wav">
      <Filter>Resource Files\mit\elev20</Filter>
    </Media>
    <Media Include="mit\elev20\H20e035a.wav">
      <Filter>Resource Files\mit\elev20</Filter>
    </Media>
    <Media Include="mit\elev20\H20e040a.wav">
      <Filter>Resource Files\mit\elev20</Filter>
    </Media>
    <Media Include="mit\elev20\H20e045a.wav">
      <Filter>Resource Files\mit\elev20</Filter>
    </Media>
    <Media Include="mit\elev20\H20e050a.wav">
      <Filter>Resource Files\mit\elev20</Filter>
    </Media>
    <Media Include="mit\elev20\H20e055a.wav">
      <Filter>Resource Files\mit\elev20</Filter>
    </Media>
    <Media Include="mit\elev20\H20e060a.wav">
      <Filter>Resource Files\mit\elev20</Filter>
    </Media>
    <Media Include="mit\elev20\H20e065a.wav">
      <Filter>Resource Files\mit\elev20</Filter>
    </Media>
    <Media Include="mit\elev20\H20e070a.wav">
      <Filter>Resource Files\mit\elev20</Filter>
    </Media>
    <Media Include="mit\elev20\H20e075a.wav">
      <Filter>Resource Files\mit\elev20</Filter>
    </Media>
    <Media Include="mit\elev20\H20e080a.wav">
      <Filter>Resource Files\mit\elev20</Filter>
    </Media>
    <Media Include="mit\elev20\H20e085a.wav">
      <Filter>Resource Files\mit\elev20</Filter>
    </Media>
    <Media Include="mit\elev20\H20e090a.wav">
      <Filter>Resource Files\mit\elev20</Filter>
    </Media>
    <Media Include="mit\elev20\H20e095a.wav">
      <Filter>Resource Files\mit\elev20</Filter>
    </Media>
    <Media Include="mit\elev20\H20e100a.wav">
      <Filter>Resource Files\mit\elev20</Filter>
    </Media>
    <Media Include="mit\elev20\H20e105a.wav">
      <Filter>Resource Files\mit\elev20</Filter>
    </Media>
    <Media Include="mit\elev20\H20e110a.wav">
      <Filter>Resource Files\mit\elev20</Filter>
    </Media>
    <Media Include="mit\elev20\H20e115a.wav">
      <Filter>Resource Files\mit\elev20</Filter>
    </Media>
    <Media Include="mit\elev20\H20e120a.wav">
      <Filter>Resource Files\mit\elev20</Filter>
    </Media>
    <Media Include="mit\elev20\H20e125a.wav">
      <Filter>Resource Files\mit\elev20</Filter>
    </Media>
    <Media Include="mit\elev20\H20e130a.wav">
      <Filter>Resource Files\mit\elev20</Filter>
    </Media>
    <Media Include="mit\elev20\H20e135a.wav">
      <Filter>Resource Files\mit\elev20</Filter>
    </Media>
    <Media Include="mit\elev20\H20e140a.wav">
      <Filter>Resource Files\mit\elev20</Filter>
    </Media>
    <Media Include="mit\elev20\H20e145a.wav">
      <Filter>Resource Files\mit\elev20</Filter>
    </Media>
    <Media Include="mit\elev20\H20e150a.wav">
      <Filter>Resource Files\mit\elev20</Filter>
    </Media>
    <Media Include="mit\elev20\H20e155a.wav">
      <Filter>Resource Files\mit\elev20</Filter>
    </Media>
    <Media Include="mit\elev20\H20e160a.wav">
      <Filter>Resource Files\mit\elev20</Filter>
    </Media>
    <Media Include="mit\elev20\H20e165a.wav">
      <Filter>Resource Files\mit\elev20</Filter>
    </Media>
    <Media Include="mit\elev20\H20e170a.wav">
      <Filter>Resource Files\mit\elev20</Filter>
    </Media>
    <Media Include="mit\elev20\H20e175a.wav">
      <Filter>Resource Files\mit\elev20</Filter>
    </Media>
    <Media Include="mit\elev20\H20e180a.wav">
      <Filter>Resource Files\mit\elev20</Filter>
    </Media>
    <Media Include="mit\elev-20\H-20e000a.wav">
      <Filter>Resource Files\mit\elev-20</Filter>
    </Media>
    <Media Include="mit\elev-20\H-20e005a.wav">
      <Filter>Resource Files\mit\elev-20</Filter>
    </Media>
    <Media Include="mit\elev-20\H-20e010a.wav">
      <Filter>Resource Files\mit\elev-20</Filter>
    </Media>
    <Media Include="mit\elev-20\H-20e015a.wav">
      <Filter>Resource Files\mit\elev-20</Filter>
    </Media>
    <Media Include="mit\elev-20\H-20e020a.wav">
      <Filter>Resource Files\mit\elev-20</Filter>
    </Media>
    <Media Include="mit\elev-20\H-20e025a.wav">
      <Filter>Resource Files\mit\elev-20</Filter>
    </Media>
    <Media Include="mit\elev-20\H-20e030a.wav">
      <Filter>Resource Files\mit\elev-20</Filter>
    </Media>
    <Media Include="mit\elev-20\H-20e035a.wav">
      <Filter>Resource Files\mit\elev-20</Filter>
    </Media>
    <Media Include="mit\elev-20\H-20e040a.wav">
      <Filter>Resource Files\mit\elev-20</Filter>
    </Media>
    <Media Include="mit\elev-20\H-20e045a.wav">
      <Filter>Resource Files\mit\elev-20</Filter>
    </Media>
    <Media Include="mit\elev-20\H-20e050a.wav">
      <Filter>Resource Files\mit\elev-20</Filter>
    </Media>
    <Media Include="mit\elev-20\H-20e055a.wav">
      <Filter>Resource Files\mit\elev-20</Filter>
    </Media>
    <Media Include="mit\elev-20\H-20e060a.wav">
      <Filter>Resource Files\mit\elev-20</Filter>
    </Media>
    <Media Include="mit\elev-20\H-20e065a.wav">
      <Filter>Resource Files\mit\elev-20</Filter>
    </Media>
    <Media Include="mit\elev-20\H-20e070a.wav">
      <Filter>Resource Files\mit\elev-20</Filter>
    </Media>
    <Media Include="mit\elev-20\H-20e075a.wav">
      <Filter>Resource Files\mit\elev-20</Filter>
    </Media>
    <Media Include="mit\elev-20\H-20e080a.wav">
      <Filter>Resource Files\mit\elev-20</Filter>
    </Media>
    <Media Include="mit\elev-20\H-20e085a.wav">
      <Filter>Resource Files\mit\elev-20</Filter>
    </Media>
    <Media Include="mit\elev-20\H-20e090a.wav">
      <Filter>Resource Files\mit\elev-20</Filter>
    </Media>
    <Media Include="mit\elev-20\H-20e095a.wav">
      <Filter>Resource Files\mit\elev-20</Filter>
    </Media>
    <Media Include="mit\elev-20\H-20e100a.wav">
      <Filter>Resource Files\mit\elev-20</Filter>
    </Media>
    <Media Include="mit\elev-20\H-20e105a.wav">
      <Filter>Resource Files\mit\elev-20</Filter>
    </Media>
    <Media Include="mit\elev-20\H-20e110a.wav">
      <Filter>Resource Files\mit\elev-20</Filter>
    </Media>
    <Media Include="mit\elev-20\H-20e115a.wav">
      <Filter>Resource Files\mit\elev-20</Filter>
    </Media>
    <Media Include="mit\elev-20\H-20e120a.wav">
      <Filter>Resource Files\mit\elev-20</Filter>
    </Media>
    <Media Include="mit\elev-20\H-20e125a.wav">
      <Filter>Resource Files\mit\elev-20</Filter>
    </Media>
    <Media Include="mit\elev-20\H-20e130a.wav">
      <Filter>Resource Files\mit\elev-20</Filter>
    </Media>
    <Media Include="mit\elev-20\H-20e135a.wav">
      <Filter>Resource Files\mit\elev-20</Filter>
    </Media>
    <Media Include="mit\elev-20\H-20e140a.wav">
      <Filter>Resource Files\mit\elev-20</Filter>
    </Media>
    <Media Include="mit\elev-20\H-20e145a.wav">
      <Filter>Resource Files\mit\elev-20</Filter>
    </Media>
    <Media Include="mit\elev-20\H-20e150a.wav">
      <Filter>Resource Files\mit\elev-20</Filter>
    </Media>
    <Media Include="mit\elev-20\H-20e155a.wav">
      <Filter>Resource Files\mit\elev-20</Filter>
    </Media>
    <Media Include="mit\elev-20\H-20e160a.wav">
      <Filter>Resource Files\mit\elev-20</Filter>
    </Media>
    <Media Include="mit\elev-20\H-20e165a.wav">
      <Filter>Resource Files\mit\elev-20</Filter>
    </Media>
    <Media Include="mit\elev-20\H-20e170a.wav">
      <Filter>Resource Files\mit\elev-20</Filter>
    </Media>
    <Media Include="mit\elev-20\H-20e175a.wav">
      <Filter>Resource Files\mit\elev-20</Filter>
    </Media>
    <Media Include="mit\elev-20\H-20e180a.wav">
      <Filter>Resource Files\mit\elev-20</Filter>
    </Media>
    <Media Include="..\..\[99Sounds] 99 Drum Samples\[99Sounds] 99 Drum Samples\Samples\snare-dist03.wav">
      <Filter>Audio</Filter>
    </Media>
    <Media Include="..\..\hrtf-spatial-audio\mit\elev30\H30e180a.wav">
      <Filter>Resource Files\mit\elev30</Filter>
    </Media>
    <Media Include="..\..\hrtf-spatial-audio\mit\elev30\H30e000a.wav">
      <Filter>Resource Files\mit\elev30</Filter>
    </Media>
    <Media Include="..\..\hrtf-spatial-audio\mit\elev30\H30e006a.wav">
      <Filter>Resource Files\mit\elev30</Filter>
    </Media>
    <Media Include="..\..\hrtf-spatial-audio\mit\elev30\H30e012a.wav">
      <Filter>Resource Files\mit\elev30</Filter>
    </Media>
    <Media Include="..\..\hrtf-spatial-audio\mit\elev30\H30e018a.wav">
      <Filter>Resource Files\mit\elev30</Filter>
    </Media>
    <Media Include="..\..\hrtf-spatial-audio\mit\elev30\H30e024a.wav">
      <Filter>Resource Files\mit\elev30</Filter>
    </Media>
    <Media Include="..\..\hrtf-spatial-audio\mit\elev30\H30e030a.wav">
      <Filter>Resource Files\mit\elev30</Filter>
    </Media>
    <Media Include="..\..\hrtf-spatial-audio\mit\elev30\H30e036a.wav">
      <Filter>Resource Files\mit\elev30</Filter>
    </Media>
    <Media Include="..\..\hrtf-spatial-audio\mit\elev30\H30e042a.wav">
      <Filter>Resource Files\mit\elev30</Filter>
    </Media>
    <Media Include="..\..\hrtf-spatial-audio\mit\elev30\H30e048a.wav">
      <Filter>Resource Files\mit\elev30</Filter>
    </Media>
    <Media Include="..\..\hrtf-spatial-audio\mit\elev30\H30e054a.wav">
      <Filter>Resource Files\mit\elev30</Filter>
    </Media>
    <Media Include="..\..\hrtf-spatial-audio\mit\elev30\H30e060a.wav">
      <Filter>Resource Files\mit\elev30</Filter>
    </Media>
    <Media Include="..\..\hrtf-spatial-audio\mit\elev30\H30e066a.wav">
      <Filter>Resource Files\mit\elev30</Filter>
    </Media>
    <Media Include="..\..\hrtf-spatial-audio\mit\elev30\H30e072a.wav">
      <Filter>Resource Files\mit\elev30</Filter>
    </Media>
    <Media Include="..\..\hrtf-spatial-audio\mit\elev30\H30e078a.wav">
      <Filter>Resource Files\mit\elev30</Filter>
    </Media>
    <Media Include="..\..\hrtf-spatial-audio\mit\elev30\H30e084a.wav">
      <Filter>Resource Files\mit\elev30</Filter>
    </Media>
    <Media Include="..\..\hrtf-spatial-audio\mit\elev30\H30e090a.wav">
      <Filter>Resource Files\mit\elev30</Filter>
    </Media>
    <Media Include="..\..\hrtf-spatial-audio\mit\elev30\H30e096a.wav">
      <Filter>Resource Files\mit\elev30</Filter>
    </Media>
    <Media Include="..\..\hrtf-spatial-audio\mit\elev30\H30e102a.wav">
      <Filter>Resource Files\mit\elev30</Filter>
    </Media>
    <Media Include="..\..\hrtf-spatial-audio\mit\elev30\H30e108a.wav">
      <Filter>Resource Files\mit\elev30</Filter>
    </Media>
    <Media Include="..\..\hrtf-spatial-audio\mit\elev30\H30e114a.wav">
      <Filter>Resource Files\mit\elev30</Filter>
    </Media>
    <Media Include="..\..\hrtf-spatial-audio\mit\elev30\H30e120a.wav">
      <Filter>Resource Files\mit\elev30</Filter>
    </Media>
    <Media Include="..\..\hrtf-spatial-audio\mit\elev30\H30e126a.wav">
      <Filter>Resource Files\mit\elev30</Filter>
    </Media>
    <Media Include="..\..\hrtf-spatial-audio\mit\elev30\H30e132a.wav">
      <Filter>Resource Files\mit\elev30</Filter>
    </Media>
    <Media Include="..\..\hrtf-spatial-audio\mit\elev30\H30e138a.wav">
      <Filter>Resource Files\mit\elev30</Filter>
    </Media>
    <Media Include="..\..\hrtf-spatial-audio\mit\elev30\H30e144a.wav">
      <Filter>Resource Files\mit\elev30</Filter>
    </Media>
    <Media Include="..\..\hrtf-spatial-audio\mit\elev30\H30e150a.wav">
      <Filter>Resource Files\mit\elev30</Filter>
    </Media>
    <Media Include="..\..\hrtf-spatial-audio\mit\elev30\H30e156a.wav">
      <Filter>Resource Files\mit\elev30</Filter>
    </Media>
    <Media Include="..\..\hrtf-spatial-audio\mit\elev30\H30e162a.wav">
      <Filter>Resource Files\mit\elev30</Filter>
    </Media>
    <Media Include="..\..\hrtf-spatial-audio\mit\elev30\H30e168a.wav">
      <Filter>Resource Files\mit\elev30</Filter>
    </Media>
    <Media Include="..\..\hrtf-spatial-audio\mit\elev30\H30e174a.wav">
      <Filter>Resource Files\mit\elev30</Filter>
    </Media>
    <Media Include="..\..\hrtf-spatial-audio\mit\elev-30\H-30e180a.wav">
      <Filter>Resource Files\mit\elev-30</Filter>
    </Media>
    <Media Include="..\..\hrtf-spatial-audio\mit\elev-30\H-30e000a.wav">
      <Filter>Resource Files\mit\elev-30</Filter>
    </Media>
    <Media Include="..\..\hrtf-spatial-audio\mit\elev-30\H-30e006a.wav">
      <Filter>Resource Files\mit\elev-30</Filter>
    </Media>
    <Media Include="..\..\hrtf-spatial-audio\mit\elev-30\H-30e012a.wav">
      <Filter>Resource Files\mit\elev-30</Filter>
    </Media>
    <Media Include="..\..\hrtf-spatial-audio\mit\elev-30\H-30e018a.wav">
      <Filter>Resource Files\mit\elev-30</Filter>
    </Media>
    <Media Include="..\..\hrtf-spatial-audio\mit\elev-30\H-30e024a.wav">
      <Filter>Resource Files\mit\elev-30</Filter>
    </Media>
    <Media Include="..\..\hrtf-spatial-audio\mit\elev-30\H-30e030a.wav">
      <Filter>Resource Files\mit\elev-30</Filter>
    </Media>
    <Media Include="..\..\hrtf-spatial-audio\mit\elev-30\H-30e036a.wav">
      <Filter>Resource Files\mit\elev-30</Filter>
    </Media>
    <Media Include="..\..\hrtf-spatial-audio\mit\elev-30\H-30e042a.wav">
      <Filter>Resource Files\mit\elev-30</Filter>
    </Media>
    <Media Include="..\..\hrtf-spatial-audio\mit\elev-30\H-30e048a.wav">
      <Filter>Resource Files\mit\elev-30</Filter>
    </Media>
    <Media Include="..\..\hrtf-spatial-audio\mit\elev-30\H-30e054a.wav">
      <Filter>Resource Files\mit\elev-30</Filter>
    </Media>
    <Media Include="..\..\hrtf-spatial-audio\mit\elev-30\H-30e060a.wav">
      <Filter>Resource Files\mit\elev-30</Filter>
    </Media>
    <Media Include="..\..\hrtf-spatial-audio\mit\elev-30\H-30e066a.wav">
      <Filter>Resource Files\mit\elev-30</Filter>
    </Media>
    <Media Include="..\..\hrtf-spatial-audio\mit\elev-30\H-30e072a.wav">
      <Filter>Resource Files\mit\elev-30</Filter>
    </Media>
    <Media Include="..\..\hrtf-spatial-audio\mit\elev-30\H-30e078a.wav">
      <Filter>Resource Files\mit\elev-30</Filter>
    </Media>
    <Media Include="..\..\hrtf-spatial-audio\mit\elev-30\H-30e084a.wav">
      <Filter>Resource Files\mit\elev-30</Filter>
    </Media>
    <Media Include="..\..\hrtf-spatial-audio\mit\elev-30\H-30e090a.wav">
      <Filter>Resource Files\mit\elev-30</Filter>
    </Media>
    <Media Include="..\..\hrtf-spatial-audio\mit\elev-30\H-30e096a.wav">
      <Filter>Resource Files\mit\elev-30</Filter>
    </Media>
    <Media Include="..\..\hrtf-spatial-audio\mit\elev-30\H-30e102a.wav">
      <Filter>Resource Files\mit\elev-30</Filter>
    </Media>
    <Media Include="..\..\hrtf-spatial-audio\mit\elev-30\H-30e108a.wav">
      <Filter>Resource Files\mit\elev-30</Filter>
    </Media>
    <Media Include="..\..\hrtf-spatial-audio\mit\elev-30\H-30e114a.wav">
      <Filter>Resource Files\mit\elev-30</Filter>
    </Media>
    <Media Include="..\..\hrtf-spatial-audio\mit\elev-30\H-30e120a.wav">
      <Filter>Resource Files\mit\elev-30</Filter>
    </Media>
    <Media Include="..\..\hrtf-spatial-audio\mit\elev-30\H-30e126a.wav">
      <Filter>Resource Files\mit\elev-30</Filter>
    </Media>
    <Media Include="..\..\hrtf-spatial-audio\mit\elev-30\H-30e132a.wav">
      <Filter>Resource Files\mit\elev-30</Filter>
    </Media>
    <Media Include="..\..\hrtf-spatial-audio\mit\elev-30\H-30e138a.wav">
      <Filter>Resource Files\mit\elev-30</Filter>
    </Media>
    <Media Include="..\..\hrtf-spatial-audio\mit\elev-30\H-30e144a.wav">
      <Filter>Resource Files\mit\elev-30</Filter>
    </Media>
    <Media Include="..\..\hrtf-spatial-audio\mit\elev-30\H-30e150a.wav">
      <Filter>Resource Files\mit\elev-30</Filter>
    </Media>
    <Media Include="..\..\hrtf-spatial-audio\mit\elev-30\H-30e156a.wav">
      <Filter>Resource Files\mit\elev-30</Filter>
    </Media>
    <Media Include="..\..\hrtf-spatial-audio\mit\elev-30\H-30e162a.wav">
      <Filter>Resource Files\mit\elev-30</Filter>
    </Media>
    <Media Include="..\..\hrtf-spatial-audio\mit\elev-30\H-30e168a.wav">
      <Filter>Resource Files\mit\elev-30</Filter>
    </Media>
    <Media Include="..\..\hrtf-spatial-audio\mit\elev-30\H-30e174a.wav">
      <Filter>Resource Files\mit\elev-30</Filter>
    </Media>
    <Media Include="..\..\hrtf-spatial-audio\mit\elev40\H40e180a.wav">
      <Filter>Resource Files\mit\elev40</Filter>
    </Media>
    <Media Include="..\..\hrtf-spatial-audio\mit\elev40\H40e000a.wav">
      <Filter>Resource Files\mit\elev40</Filter>
    </Media>
    <Media Include="..\..\hrtf-spatial-audio\mit\elev40\H40e006a.wav">
      <Filter>Resource Files\mit\elev40</Filter>
    </Media>
    <Media Include="..\..\hrtf-spatial-audio\mit\elev40\H40e013a.wav">
      <Filter>Resource Files\mit\elev40</Filter>
    </Media>
    <Media Include="..\..\hrtf-spatial-audio\mit\elev40\H40e019a.wav">
      <Filter>Resource Files\mit\elev40</Filter>
    </Media>
    <Media Include="..\..\hrtf-spatial-audio\mit\elev40\H40e026a.wav">
      <Filter>Resource Files\mit\elev40</Filter>
    </Media>
    <Media Include="..\..\hrtf-spatial-audio\mit\elev40\H40e032a.wav">
      <Filter>Resource Files\mit\elev40</Filter>
    </Media>
    <Media Include="..\..\hrtf-spatial-audio\mit\elev40\H40e039a.wav">
      <Filter>Resource Files\mit\elev40</Filter>
    </Media>
    <Media Include="..\..\hrtf-spatial-audio\mit\elev40\H40e045a.wav">
      <Filter>Resource Files\mit\elev40</Filter>
    </Media>
    <Media Include="..\..\hrtf-spatial-audio\mit\elev40\H40e051a.wav">
      <Filter>Resource Files\mit\elev40</Filter>
    </Media>
    <Media Include="..\..\hrtf-spatial-audio\mit\elev40\H40e058a.wav">
      <Filter>Resource Files\mit\elev40</Filter>
    </Media>
    <Media Include="..\..\hrtf-spatial-audio\mit\elev40\H40e064a.wav">
      <Filter>Resource Files\mit\elev40</Filter>
    </Media>
    <Media Include="..\..\hrtf-spatial-audio\mit\elev40\H40e071a.wav">
      <Filter>Resource Files\mit\elev40</Filter>
    </Media>
    <Media Include="..\..\hrtf-spatial-audio\mit\elev40\H40e077a.wav">
      <Filter>Resource Files\mit\elev40</Filter>
    </Media>
    <Media Include="..\..\hrtf-spatial-audio\mit\elev40\H40e084a.wav">
      <Filter>Resource Files\mit\elev40</Filter>
    </Media>
    <Media Include="..\..\hrtf-spatial-audio\mit\elev40\H40e090a.wav">
      <Filter>Resource Files\mit\elev40</Filter>
    </Media>
    <Media Include="..\..\hrtf-spatial-audio\mit\elev40\H40e096a.wav">
      <Filter>Resource Files\mit\elev40</Filter>
    </Media>
    <Media Include="..\..\hrtf-spatial-audio\mit\elev40\H40e103a.wav">
      <Filter>Resource Files\mit\elev40</Filter>
    </Media>
    <Media Include="..\..\hrtf-spatial-audio\mit\elev40\H40e109a.wav">
      <Filter>Resource Files\mit\elev40</Filter>
    </Media>
    <Media Include="..\..\hrtf-spatial-audio\mit\elev40\H40e116a.wav">
      <Filter>Resource Files\mit\elev40</Filter>
    </Media>
    <Media Include="..\..\hrtf-spatial-audio\mit\elev40\H40e122a.wav">
      <Filter>Resource Files\mit\elev40</Filter>
    </Media>
    <Media Include="..\..\hrtf-spatial-audio\mit\elev40\H40e129a.wav">
      <Filter>Resource Files\mit\elev40</Filter>
    </Media>
    <Media Include="..\..\hrtf-spatial-audio\mit\elev40\H40e135a.wav">
      <Filter>Resource Files\mit\elev40</Filter>
    </Media>
    <Media Include="..\..\hrtf-spatial-audio\mit\elev40\H40e141a.wav">
      <Filter>Resource Files\mit\elev40</Filter>
    </Media>
    <Media Include="..\..\hrtf-spatial-audio\mit\elev40\H40e148a.wav">
      <Filter>Resource Files\mit\elev40</Filter>
    </Media>
    <Media Include="..\..\hrtf-spatial-audio\mit\elev40\H40e154a.wav">
      <Filter>Resource Files\mit\elev40</Filter>
    </Media>
    <Media Include="..\..\hrtf-spatial-audio\mit\elev40\H40e161a.wav">
      <Filter>Resource Files\mit\elev40</Filter>
    </Media>
    <Media Include="..\..\hrtf-spatial-audio\mit\elev40\H40e167a.wav">
      <Filter>Resource Files\mit\elev40</Filter>
    </Media>
    <Media Include="..\..\hrtf-spatial-audio\mit\elev40\H40e174a.wav">
      <Filter>Resource Files\mit\elev40</Filter>
    </Media>
    <Media Include="..\..\hrtf-spatial-audio\mit\elev-40\H-40e180a.wav">
      <Filter>Resource Files\mit\elev-40</Filter>
    </Media>
    <Media Include="..\..\hrtf-spatial-audio\mit\elev-40\H-40e000a.wav">
      <Filter>Resource Files\mit\elev-40</Filter>
    </Media>
    <Media Include="..\..\hrtf-spatial-audio\mit\elev-40\H-40e006a.wav">
      <Filter>Resource Files\mit\elev-40</Filter>
    </Media>
    <Media Include="..\..\hrtf-spatial-audio\mit\elev-40\H-40e013a.wav">
      <Filter>Resource Files\mit\elev-40</Filter>
    </Media>
    <Media Include="..\..\hrtf-spatial-audio\mit\elev-40\H-40e019a.wav">
      <Filter>Resource Files\mit\elev-40</Filter>
    </Media>
    <Media Include="..\..\hrtf-spatial-audio\mit\elev-40\H-40e026a.wav">
      <Filter>Resource Files\mit\elev-40</Filter>
    </Media>
    <Media Include="..\..\hrtf-spatial-audio\mit\elev-40\H-40e032a.wav">
      <Filter>Resource Files\mit\elev-40</Filter>
    </Media>
    <Media Include="..\..\hrtf-spatial-audio\mit\elev-40\H-40e039a.wav">
      <Filter>Resource Files\mit\elev-40</Filter>
    </Media>
    <Media Include="..\..\hrtf-spatial-audio\mit\elev-40\H-40e045a.wav">
      <Filter>Resource Files\mit\elev-40</Filter>
    </Media>
    <Media Include="..\..\hrtf-spatial-audio\mit\elev-40\H-40e051a.wav">
      <Filter>Resource Files\mit\elev-40</Filter>
    </Media>
    <Media Include="..\..\hrtf-spatial-audio\mit\elev-40\H-40e058a.wav">
      <Filter>Resource Files\mit\elev-40</Filter>
    </Media>
    <Media Include="..\..\hrtf-spatial-audio\mit\elev-40\H-40e064a.wav">
      <Filter>Resource Files\mit\elev-40</Filter>
    </Media>
    <Media Include="..\..\hrtf-spatial-audio\mit\elev-40\H-40e071a.wav">
      <Filter>Resource Files\mit\elev-40</Filter>
    </Media>
    <Media Include="..\..\hrtf-spatial-audio\mit\elev-40\H-40e077a.wav">
      <Filter>Resource Files\mit\elev-40</Filter>
    </Media>
    <Media Include="..\..\hrtf-spatial-audio\mit\elev-40\H-40e084a.wav">
      <Filter>Resource Files\mit\elev-40</Filter>
    </Media>
    <Media Include="..\..\hrtf-spatial-audio\mit\elev-40\H-40e090a.wav">
      <Filter>Resource Files\mit\elev-40</Filter>
    </Media>
    <Media Include="..\..\hrtf-spatial-audio\mit\elev-40\H-40e096a.wav">
      <Filter>Resource Files\mit\elev-40</Filter>
    </Media>
    <Media Include="..\..\hrtf-spatial-audio\mit\elev-40\H-40e103a.wav">
      <Filter>Resource Files\mit\elev-40</Filter>
    </Media>
    <Media Include="..\..\hrtf-spatial-audio\mit\elev-40\H-40e109a.wav">
      <Filter>Resource Files\mit\elev-40</Filter>
    </Media>
    <Media Include="..\..\hrtf-spatial-audio\mit\elev-40\H-40e116a.wav">
      <Filter>Resource Files\mit\elev-40</Filter>
    </Media>
    <Media Include="..\..\hrtf-spatial-audio\mit\elev-40\H-40e122a.wav">
      <Filter>Resource Files\mit\elev-40</Filter>
    </Media>
    <Media Include="..\..\hrtf-spatial-audio\mit\elev-40\H-40e129a.wav">
      <Filter>Resource Files\mit\elev-40</Filter>
    </Media>
    <Media Include="..\..\hrtf-spatial-audio\mit\elev-40\H-40e135a.wav">
      <Filter>Resource Files\mit\elev-40</Filter>
    </Media>
    <Media Include="..\..\hrtf-spatial-audio\mit\elev-40\H-40e141a.wav">
      <Filter>Resource Files\mit\elev-40</Filter>
    </Media>
    <Media Include="..\..\hrtf-spatial-audio\mit\elev-40\H-40e148a.wav">
      <Filter>Resource Files\mit\elev-40</Filter>
    </Media>
    <Media Include="..\..\hrtf-spatial-audio\mit\elev-40\H-40e154a.wav">
      <Filter>Resource Files\mit\elev-40</Filter>
    </Media>
    <Media Include="..\..\hrtf-spatial-audio\mit\elev-40\H-40e161a.wav">
      <Filter>Resource Files\mit\elev-40</Filter>
    </Media>
    <Media Include="..\..\hrtf-spatial-audio\mit\elev-40\H-40e167a.wav">
      <Filter>Resource Files\mit\elev-40</Filter>
    </Media>
    <Media Include="..\..\hrtf-spatial-audio\mit\elev-40\H-40e174a.wav">
      <Filter>Resource Files\mit\elev-40</Filter>
    </Media>
    <Media Include="..\..\hrtf-spatial-audio\mit\elev50\H50e176a.wav">
      <Filter>Resource Files\mit\elev50</Filter>
    </Media>
    <Media Include="..\..\hrtf-spatial-audio\mit\elev50\H50e000a.wav">
      <Filter>Resource Files\mit\elev50</Filter>
    </Media>
    <Media Include="..\..\hrtf-spatial-audio\mit\elev50\H50e008a.wav">
      <Filter>Resource Files\mit\elev50</Filter>
    </Media>
    <Media Include="..\..\hrtf-spatial-audio\mit\elev50\H50e016a.wav">
      <Filter>Resource Files\mit\elev50</Filter>
    </Media>
    <Media Include="..\..\hrtf-spatial-audio\mit\elev50\H50e024a.wav">
      <Filter>Resource Files\mit\elev50</Filter>
    </Media>
    <Media Include="..\..\hrtf-spatial-audio\mit\elev50\H50e032a.wav">
      <Filter>Resource Files\mit\elev50</Filter>
    </Media>
    <Media Include="..\..\hrtf-spatial-audio\mit\elev50\H50e040a.wav">
      <Filter>Resource Files\mit\elev50</Filter>
    </Media>
    <Media Include="..\..\hrtf-spatial-audio\mit\elev50\H50e048a.wav">
      <Filter>Resource Files\mit\elev50</Filter>
    </Media>
    <Media Include="..\..\hrtf-spatial-audio\mit\elev50\H50e056a.wav">
      <Filter>Resource Files\mit\elev50</Filter>
    </Media>
    <Media Include="..\..\hrtf-spatial-audio\mit\elev50\H50e064a.wav">
      <Filter>Resource Files\mit\elev50</Filter>
    </Media>
    <Media Include="..\..\hrtf-spatial-audio\mit\elev50\H50e072a.wav">
      <Filter>Resource Files\mit\elev50</Filter>
    </Media>
    <Media Include="..\..\hrtf-spatial-audio\mit\elev50\H50e080a.wav">
      <Filter>Resource Files\mit\elev50</Filter>
    </Media>
    <Media Include="..\..\hrtf-spatial-audio\mit\elev50\H50e088a.wav">
      <Filter>Resource Files\mit\elev50</Filter>
    </Media>
    <Media Include="..\..\hrtf-spatial-audio\mit\elev50\H50e096a.wav">
      <Filter>Resource Files\mit\elev50</Filter>
    </Media>
    <Media Include="..\..\hrtf-spatial-audio\mit\elev50\H50e104a.wav">
      <Filter>Resource Files\mit\elev50</Filter>
    </Media>
    <Media Include="..\..\hrtf-spatial-audio\mit\elev50\H50e112a.wav">
      <Filter>Resource Files\mit\elev50</Filter>
    </Media>
    <Media Include="..\..\hrtf-spatial-audio\mit\elev50\H50e120a.wav">
      <Filter>Resource Files\mit\elev50</Filter>
    </Media>
    <Media Include="..\..\hrtf-spatial-audio\mit\elev50\H50e128a.wav">
      <Filter>Resource Files\mit\elev50</Filter>
    </Media>
    <Media Include="..\..\hrtf-spatial-audio\mit\elev50\H50e136a.wav">
      <Filter>Resource Files\mit\elev50</Filter>
    </Media>
    <Media Include="..\..\hrtf-spatial-audio\mit\elev50\H50e144a.wav">
      <Filter>Resource Files\mit\elev50</Filter>
    </Media>
    <Media Include="..\..\hrtf-spatial-audio\mit\elev50\H50e152a.wav">
      <Filter>Resource Files\mit\elev50</Filter>
    </Media>
    <Media Include="..\..\hrtf-spatial-audio\mit\elev50\H50e160a.wav">
      <Filter>Resource Files\mit\elev50</Filter>
    </Media>
    <Media Include="..\..\hrtf-spatial-audio\mit\elev50\H50e168a.wav">
      <Filter>Resource Files\mit\elev50</Filter>
    </Media>
    <Media Include="..\..\hrtf-spatial-audio\mit\elev60\H60e180a.wav">
      <Filter>Resource Files\mit\elev60</Filter>
    </Media>
    <Media Include="..\..\hrtf-spatial-audio\mit\elev60\H60e000a.wav">
      <Filter>Resource Files\mit\elev60</Filter>
    </Media>
    <Media Include="..\..\hrtf-spatial-audio\mit\elev60\H60e010a.wav">
      <Filter>Resource Files\mit\elev60</Filter>
    </Media>
    <Media Include="..\..\hrtf-spatial-audio\mit\elev60\H60e020a.wav">
      <Filter>Resource Files\mit\elev60</Filter>
    </Media>
    <Media Include="..\..\hrtf-spatial-audio\mit\elev60\H60e030a.wav">
      <Filter>Resource Files\mit\elev60</Filter>
    </Media>
    <Media Include="..\..\hrtf-spatial-audio\mit\elev60\H60e040a.wav">
      <Filter>Resource Files\mit\elev60</Filter>
    </Media>
    <Media Include="..\..\hrtf-spatial-audio\mit\elev60\H60e050a.wav">
      <Filter>Resource Files\mit\elev60</Filter>
    </Media>
    <Media Include="..\..\hrtf-spatial-audio\mit\elev60\H60e060a.wav">
      <Filter>Resource Files\mit\elev60</Filter>
    </Media>
    <Media Include="..\..\hrtf-spatial-audio\mit\elev60\H60e070a.wav">
      <Filter>Resource Files\mit\elev60</Filter>
    </Media>
    <Media Include="..\..\hrtf-spatial-audio\mit\elev60\H60e080a.wav">
      <Filter>Resource Files\mit\elev60</Filter>
    </Media>
    <Media Include="..\..\hrtf-spatial-audio\mit\elev60\H60e090a.wav">
      <Filter>Resource Files\mit\elev60</Filter>
    </Media>
    <Media Include="..\..\hrtf-spatial-audio\mit\elev60\H60e100a.wav">
      <Filter>Resource Files\mit\elev60</Filter>
    </Media>
    <Media Include="..\..\hrtf-spatial-audio\mit\elev60\H60e110a.wav">
      <Filter>Resource Files\mit\elev60</Filter>
    </Media>
    <Media Include="..\..\hrtf-spatial-audio\mit\elev60\H60e120a.wav">
      <Filter>Resource Files\mit\elev60</Filter>
    </Media>
    <Media Include="..\..\hrtf-spatial-audio\mit\elev60\H60e130a.wav">
      <Filter>Resource Files\mit\elev60</Filter>
    </Media>
    <Media Include="..\..\hrtf-spatial-audio\mit\elev60\H60e140a.wav">
      <Filter>Resource Files\mit\elev60</Filter>
    </Media>
    <Media Include="..\..\hrtf-spatial-audio\mit\elev60\H60e150a.wav">
      <Filter>Resource Files\mit\elev60</Filter>
    </Media>
    <Media Include="..\..\hrtf-spatial-audio\mit\elev60\H60e160a.wav">
      <Filter>Resource Files\mit\elev60</Filter>
    </Media>
    <Media Include="..\..\hrtf-spatial-audio\mit\elev60\H60e170a.wav">
      <Filter>Resource Files\mit\elev60</Filter>
    </Media>
    <Media Include="..\..\hrtf-spatial-audio\mit\elev70\H70e180a.wav">
      <Filter>Resource Files\mit\elev70</Filter>
    </Media>
    <Media Include="..\..\hrtf-spatial-audio\mit\elev70\H70e000a.wav">
      <Filter>Resource Files\mit\elev70</Filter>
    </Media>
    <Media Include="..\..\hrtf-spatial-audio\mit\elev70\H70e015a.wav">
      <Filter>Resource Files\mit\elev70</Filter>
    </Media>
    <Media Include="..\..\hrtf-spatial-audio\mit\elev70\H70e030a.wav">
      <Filter>Resource Files\mit\elev70</Filter>
    </Media>
    <Media Include="..\..\hrtf-spatial-audio\mit\elev70\H70e045a.wav">
      <Filter>Resource Files\mit\elev70</Filter>
    </Media>
    <Media Include="..\..\hrtf-spatial-audio\mit\elev70\H70e060a.wav">
      <Filter>Resource Files\mit\elev70</Filter>
    </Media>
    <Media Include="..\..\hrtf-spatial-audio\mit\elev70\H70e075a.wav">
      <Filter>Resource Files\mit\elev70</Filter>
    </Media>
    <Media Include="..\..\hrtf-spatial-audio\mit\elev70\H70e090a.wav">
      <Filter>Resource Files\mit\elev70</Filter>
    </Media>
    <Media Include="..\..\hrtf-spatial-audio\mit\elev70\H70e105a.wav">
      <Filter>Resource Files\mit\elev70</Filter>
    </Media>
    <Media Include="..\..\hrtf-spatial-audio\mit\elev70\H70e120a.wav">
      <Filter>Resource Files\mit\elev70</Filter>
    </Media>
    <Media Include="..\..\hrtf-spatial-audio\mit\elev70\H70e135a.wav">
      <Filter>Resource Files\mit\elev70</Filter>
    </Media>
    <Media Include="..\..\hrtf-spatial-audio\mit\elev70\H70e150a.wav">
      <Filter>Resource Files\mit\elev70</Filter>
    </Media>
    <Media Include="..\..\hrtf-spatial-audio\mit\elev70\H70e165a.wav">
      <Filter>Resource Files\mit\elev70</Filter>
    </Media>
    <Media Include="..\..\hrtf-spatial-audio\mit\elev80\H80e180a.wav">
      <Filter>Resource Files\mit\elev80</Filter>
    </Media>
    <Media Include="..\..\hrtf-spatial-audio\mit\elev80\H80e000a.wav">
      <Filter>Resource Files\mit\elev80</Filter>
    </Media>
    <Media Include="..\..\hrtf-spatial-audio\mit\elev80\H80e030a.wav">
      <Filter>Resource Files\mit\elev80</Filter>
    </Media>
    <Media Include="..\..\hrtf-spatial-audio\mit\elev80\H80e060a.wav">
      <Filter>Resource Files\mit\elev80</Filter>
    </Media>
    <Media Include="..\..\hrtf-spatial-audio\mit\elev80\H80e090a.wav">
      <Filter>Resource Files\mit\elev80</Filter>
    </Media>
    <Media Include="..\..\hrtf-spatial-audio\mit\elev80\H80e120a.wav">
      <Filter>Resource Files\mit\elev80</Filter>
    </Media>
    <Media Include="..\..\hrtf-spatial-audio\mit\elev80\H80e150a.wav">
      <Filter>Resource Files\mit\elev80</Filter>
    </Media>
    <Media Include="..\..\hrtf-spatial-audio\mit\elev90\H90e000a.wav">
      <Filter>Resource Files\mit\elev90</Filter>
    </Media>
  </ItemGroup>
</Project>